
Microsoft Visual Studio Solution File, Format Version 12.00
# Visual Studio 14
VisualStudioVersion = 14.0.23107.0
MinimumVisualStudioVersion = 10.0.40219.1
Project("{FAE04EC0-301F-11D3-BF4B-00C04F79EFBC}") = "ImageProcessor", "src\ImageProcessor\ImageProcessor.csproj", "{8047C4AC-7097-4DE4-B00D-6D55EBCF1D36}"
EndProject
Project("{FAE04EC0-301F-11D3-BF4B-00C04F79EFBC}") = "ImageProcessor.Tests", "tests\ImageProcessor.Tests\ImageProcessor.Tests.csproj", "{1741DC66-5404-4B15-AE58-B7721F1568A4}"
EndProject
Global
	GlobalSection(SolutionConfigurationPlatforms) = preSolution
		Debug|Any CPU = Debug|Any CPU
		Release|Any CPU = Release|Any CPU
	EndGlobalSection
	GlobalSection(ProjectConfigurationPlatforms) = postSolution
		{8047C4AC-7097-4DE4-B00D-6D55EBCF1D36}.Debug|Any CPU.ActiveCfg = Debug|Any CPU
		{8047C4AC-7097-4DE4-B00D-6D55EBCF1D36}.Debug|Any CPU.Build.0 = Debug|Any CPU
		{8047C4AC-7097-4DE4-B00D-6D55EBCF1D36}.Release|Any CPU.ActiveCfg = Release|Any CPU
		{8047C4AC-7097-4DE4-B00D-6D55EBCF1D36}.Release|Any CPU.Build.0 = Release|Any CPU
		{1741DC66-5404-4B15-AE58-B7721F1568A4}.Debug|Any CPU.ActiveCfg = Debug|Any CPU
		{1741DC66-5404-4B15-AE58-B7721F1568A4}.Debug|Any CPU.Build.0 = Debug|Any CPU
		{1741DC66-5404-4B15-AE58-B7721F1568A4}.Release|Any CPU.ActiveCfg = Release|Any CPU
		{1741DC66-5404-4B15-AE58-B7721F1568A4}.Release|Any CPU.Build.0 = Release|Any CPU
	EndGlobalSection
	GlobalSection(SolutionProperties) = preSolution
		HideSolutionNode = FALSE
	EndGlobalSection
EndGlobal
