
Microsoft Visual Studio Solution File, Format Version 12.00
# Visual Studio 15
VisualStudioVersion = 15.0.26730.12
MinimumVisualStudioVersion = 10.0.40219.1
Project("{2150E333-8FDC-42A3-9474-1A3956D46DE8}") = "SolutionItems", "SolutionItems", "{C317F1B1-D75E-4C6D-83EB-80367343E0D7}"
	ProjectSection(SolutionItems) = preProject
		.editorconfig = .editorconfig
		.travis.yml = .travis.yml
		appveyor.yml = appveyor.yml
		.github\ISSUE_TEMPLATE\ask-question.md = .github\ISSUE_TEMPLATE\ask-question.md
		.github\ISSUE_TEMPLATE\bug-report.md = .github\ISSUE_TEMPLATE\bug-report.md
		codecov.yml = codecov.yml
		CodeCoverage.runsettings = CodeCoverage.runsettings
		.github\CONTRIBUTING.md = .github\CONTRIBUTING.md
		.github\ISSUE_TEMPLATE\feature-request.md = .github\ISSUE_TEMPLATE\feature-request.md
		features.md = features.md
		ImageSharp.ruleset = ImageSharp.ruleset
		ImageSharp.sln.DotSettings = ImageSharp.sln.DotSettings
		NuGet.config = NuGet.config
		.github\PULL_REQUEST_TEMPLATE.md = .github\PULL_REQUEST_TEMPLATE.md
		README.md = README.md
		run-tests.ps1 = run-tests.ps1
	EndProjectSection
EndProject
Project("{2150E333-8FDC-42A3-9474-1A3956D46DE8}") = "Source", "Source", "{815C0625-CD3D-440F-9F80-2D83856AB7AE}"
	ProjectSection(SolutionItems) = preProject
		src\README.md = src\README.md
	EndProjectSection
EndProject
Project("{2150E333-8FDC-42A3-9474-1A3956D46DE8}") = "Tests", "Tests", "{56801022-D71A-4FBE-BC5B-CBA08E2284EC}"
EndProject
Project("{2150E333-8FDC-42A3-9474-1A3956D46DE8}") = "build", "build", "{E919DF0B-2607-4462-8FC0-5C98FE50F8C9}"
EndProject
Project("{2150E333-8FDC-42A3-9474-1A3956D46DE8}") = "Shared", "Shared", "{9E574A07-F879-4811-9C41-5CBDC6BAFDB7}"
	ProjectSection(SolutionItems) = preProject
		src\Shared\AssemblyInfo.Common.cs = src\Shared\AssemblyInfo.Common.cs
	EndProjectSection
EndProject
Project("{9A19103F-16F7-4668-BE54-9A1E7A4F7556}") = "ImageSharp", "src\ImageSharp\ImageSharp.csproj", "{2AA31A1F-142C-43F4-8687-09ABCA4B3A26}"
EndProject
Project("{9A19103F-16F7-4668-BE54-9A1E7A4F7556}") = "ImageSharp.Drawing", "src\ImageSharp.Drawing\ImageSharp.Drawing.csproj", "{2E33181E-6E28-4662-A801-E2E7DC206029}"
EndProject
Project("{9A19103F-16F7-4668-BE54-9A1E7A4F7556}") = "ImageSharp.Tests", "tests\ImageSharp.Tests\ImageSharp.Tests.csproj", "{EA3000E9-2A91-4EC4-8A68-E566DEBDC4F6}"
EndProject
Project("{9A19103F-16F7-4668-BE54-9A1E7A4F7556}") = "ImageSharp.Benchmarks", "tests\ImageSharp.Benchmarks\ImageSharp.Benchmarks.csproj", "{2BF743D8-2A06-412D-96D7-F448F00C5EA5}"
EndProject
Project("{9A19103F-16F7-4668-BE54-9A1E7A4F7556}") = "ImageSharp.Sandbox46", "tests\ImageSharp.Sandbox46\ImageSharp.Sandbox46.csproj", "{561B880A-D9EE-44EF-90F5-817C54A9D9AB}"
EndProject
Global
	GlobalSection(SolutionConfigurationPlatforms) = preSolution
		Debug|Any CPU = Debug|Any CPU
		Debug|x64 = Debug|x64
		Debug|x86 = Debug|x86
		Release|Any CPU = Release|Any CPU
		Release|x64 = Release|x64
		Release|x86 = Release|x86
	EndGlobalSection
	GlobalSection(ProjectConfigurationPlatforms) = postSolution
		{2AA31A1F-142C-43F4-8687-09ABCA4B3A26}.Debug|Any CPU.ActiveCfg = Debug|Any CPU
		{2AA31A1F-142C-43F4-8687-09ABCA4B3A26}.Debug|Any CPU.Build.0 = Debug|Any CPU
		{2AA31A1F-142C-43F4-8687-09ABCA4B3A26}.Debug|x64.ActiveCfg = Debug|Any CPU
		{2AA31A1F-142C-43F4-8687-09ABCA4B3A26}.Debug|x64.Build.0 = Debug|Any CPU
		{2AA31A1F-142C-43F4-8687-09ABCA4B3A26}.Debug|x86.ActiveCfg = Debug|Any CPU
		{2AA31A1F-142C-43F4-8687-09ABCA4B3A26}.Debug|x86.Build.0 = Debug|Any CPU
		{2AA31A1F-142C-43F4-8687-09ABCA4B3A26}.Release|Any CPU.ActiveCfg = Release|Any CPU
		{2AA31A1F-142C-43F4-8687-09ABCA4B3A26}.Release|Any CPU.Build.0 = Release|Any CPU
		{2AA31A1F-142C-43F4-8687-09ABCA4B3A26}.Release|x64.ActiveCfg = Release|Any CPU
		{2AA31A1F-142C-43F4-8687-09ABCA4B3A26}.Release|x64.Build.0 = Release|Any CPU
		{2AA31A1F-142C-43F4-8687-09ABCA4B3A26}.Release|x86.ActiveCfg = Release|Any CPU
		{2AA31A1F-142C-43F4-8687-09ABCA4B3A26}.Release|x86.Build.0 = Release|Any CPU
		{2E33181E-6E28-4662-A801-E2E7DC206029}.Debug|Any CPU.ActiveCfg = Debug|Any CPU
		{2E33181E-6E28-4662-A801-E2E7DC206029}.Debug|Any CPU.Build.0 = Debug|Any CPU
		{2E33181E-6E28-4662-A801-E2E7DC206029}.Debug|x64.ActiveCfg = Debug|Any CPU
		{2E33181E-6E28-4662-A801-E2E7DC206029}.Debug|x64.Build.0 = Debug|Any CPU
		{2E33181E-6E28-4662-A801-E2E7DC206029}.Debug|x86.ActiveCfg = Debug|Any CPU
		{2E33181E-6E28-4662-A801-E2E7DC206029}.Debug|x86.Build.0 = Debug|Any CPU
		{2E33181E-6E28-4662-A801-E2E7DC206029}.Release|Any CPU.ActiveCfg = Release|Any CPU
		{2E33181E-6E28-4662-A801-E2E7DC206029}.Release|Any CPU.Build.0 = Release|Any CPU
		{2E33181E-6E28-4662-A801-E2E7DC206029}.Release|x64.ActiveCfg = Release|Any CPU
		{2E33181E-6E28-4662-A801-E2E7DC206029}.Release|x64.Build.0 = Release|Any CPU
		{2E33181E-6E28-4662-A801-E2E7DC206029}.Release|x86.ActiveCfg = Release|Any CPU
		{2E33181E-6E28-4662-A801-E2E7DC206029}.Release|x86.Build.0 = Release|Any CPU
		{EA3000E9-2A91-4EC4-8A68-E566DEBDC4F6}.Debug|Any CPU.ActiveCfg = Debug|Any CPU
		{EA3000E9-2A91-4EC4-8A68-E566DEBDC4F6}.Debug|Any CPU.Build.0 = Debug|Any CPU
		{EA3000E9-2A91-4EC4-8A68-E566DEBDC4F6}.Debug|x64.ActiveCfg = Debug|Any CPU
		{EA3000E9-2A91-4EC4-8A68-E566DEBDC4F6}.Debug|x64.Build.0 = Debug|Any CPU
		{EA3000E9-2A91-4EC4-8A68-E566DEBDC4F6}.Debug|x86.ActiveCfg = Debug|Any CPU
		{EA3000E9-2A91-4EC4-8A68-E566DEBDC4F6}.Debug|x86.Build.0 = Debug|Any CPU
		{EA3000E9-2A91-4EC4-8A68-E566DEBDC4F6}.Release|Any CPU.ActiveCfg = Release|Any CPU
		{EA3000E9-2A91-4EC4-8A68-E566DEBDC4F6}.Release|Any CPU.Build.0 = Release|Any CPU
		{EA3000E9-2A91-4EC4-8A68-E566DEBDC4F6}.Release|x64.ActiveCfg = Release|Any CPU
		{EA3000E9-2A91-4EC4-8A68-E566DEBDC4F6}.Release|x64.Build.0 = Release|Any CPU
		{EA3000E9-2A91-4EC4-8A68-E566DEBDC4F6}.Release|x86.ActiveCfg = Release|Any CPU
		{EA3000E9-2A91-4EC4-8A68-E566DEBDC4F6}.Release|x86.Build.0 = Release|Any CPU
		{2BF743D8-2A06-412D-96D7-F448F00C5EA5}.Debug|Any CPU.ActiveCfg = Debug|Any CPU
		{2BF743D8-2A06-412D-96D7-F448F00C5EA5}.Debug|Any CPU.Build.0 = Debug|Any CPU
		{2BF743D8-2A06-412D-96D7-F448F00C5EA5}.Debug|x64.ActiveCfg = Debug|Any CPU
		{2BF743D8-2A06-412D-96D7-F448F00C5EA5}.Debug|x64.Build.0 = Debug|Any CPU
		{2BF743D8-2A06-412D-96D7-F448F00C5EA5}.Debug|x86.ActiveCfg = Debug|Any CPU
		{2BF743D8-2A06-412D-96D7-F448F00C5EA5}.Debug|x86.Build.0 = Debug|Any CPU
		{2BF743D8-2A06-412D-96D7-F448F00C5EA5}.Release|Any CPU.ActiveCfg = Release|Any CPU
		{2BF743D8-2A06-412D-96D7-F448F00C5EA5}.Release|Any CPU.Build.0 = Release|Any CPU
		{2BF743D8-2A06-412D-96D7-F448F00C5EA5}.Release|x64.ActiveCfg = Release|Any CPU
		{2BF743D8-2A06-412D-96D7-F448F00C5EA5}.Release|x64.Build.0 = Release|Any CPU
		{2BF743D8-2A06-412D-96D7-F448F00C5EA5}.Release|x86.ActiveCfg = Release|Any CPU
		{2BF743D8-2A06-412D-96D7-F448F00C5EA5}.Release|x86.Build.0 = Release|Any CPU
		{561B880A-D9EE-44EF-90F5-817C54A9D9AB}.Debug|Any CPU.ActiveCfg = Debug|Any CPU
		{561B880A-D9EE-44EF-90F5-817C54A9D9AB}.Debug|Any CPU.Build.0 = Debug|Any CPU
		{561B880A-D9EE-44EF-90F5-817C54A9D9AB}.Debug|x64.ActiveCfg = Debug|Any CPU
		{561B880A-D9EE-44EF-90F5-817C54A9D9AB}.Debug|x64.Build.0 = Debug|Any CPU
		{561B880A-D9EE-44EF-90F5-817C54A9D9AB}.Debug|x86.ActiveCfg = Debug|Any CPU
		{561B880A-D9EE-44EF-90F5-817C54A9D9AB}.Debug|x86.Build.0 = Debug|Any CPU
		{561B880A-D9EE-44EF-90F5-817C54A9D9AB}.Release|Any CPU.ActiveCfg = Release|Any CPU
		{561B880A-D9EE-44EF-90F5-817C54A9D9AB}.Release|Any CPU.Build.0 = Release|Any CPU
		{561B880A-D9EE-44EF-90F5-817C54A9D9AB}.Release|x64.ActiveCfg = Release|Any CPU
		{561B880A-D9EE-44EF-90F5-817C54A9D9AB}.Release|x64.Build.0 = Release|Any CPU
		{561B880A-D9EE-44EF-90F5-817C54A9D9AB}.Release|x86.ActiveCfg = Release|Any CPU
		{561B880A-D9EE-44EF-90F5-817C54A9D9AB}.Release|x86.Build.0 = Release|Any CPU
	EndGlobalSection
	GlobalSection(SolutionProperties) = preSolution
		HideSolutionNode = FALSE
	EndGlobalSection
	GlobalSection(NestedProjects) = preSolution
		{9E574A07-F879-4811-9C41-5CBDC6BAFDB7} = {815C0625-CD3D-440F-9F80-2D83856AB7AE}
		{2AA31A1F-142C-43F4-8687-09ABCA4B3A26} = {815C0625-CD3D-440F-9F80-2D83856AB7AE}
		{2E33181E-6E28-4662-A801-E2E7DC206029} = {815C0625-CD3D-440F-9F80-2D83856AB7AE}
		{EA3000E9-2A91-4EC4-8A68-E566DEBDC4F6} = {56801022-D71A-4FBE-BC5B-CBA08E2284EC}
		{2BF743D8-2A06-412D-96D7-F448F00C5EA5} = {56801022-D71A-4FBE-BC5B-CBA08E2284EC}
		{561B880A-D9EE-44EF-90F5-817C54A9D9AB} = {56801022-D71A-4FBE-BC5B-CBA08E2284EC}
	EndGlobalSection
	GlobalSection(ExtensibilityGlobals) = postSolution
		SolutionGuid = {5F8B9D1F-CD8B-4CC5-8216-D531E25BD795}
	EndGlobalSection
	GlobalSection(Performance) = preSolution
		HasPerformanceSessions = true
	EndGlobalSection
EndGlobal
