
Microsoft Visual Studio Solution File, Format Version 12.00
# Visual Studio 15
VisualStudioVersion = 15.0.26127.0
MinimumVisualStudioVersion = 10.0.40219.1
Project("{2150E333-8FDC-42A3-9474-1A3956D46DE8}") = "SolutionItems", "SolutionItems", "{C317F1B1-D75E-4C6D-83EB-80367343E0D7}"
	ProjectSection(SolutionItems) = preProject
		.editorconfig = .editorconfig
		.travis.yml = .travis.yml
		appveyor.yml = appveyor.yml
		CodeCoverage.runsettings = CodeCoverage.runsettings
		contributing.md = contributing.md
		dotnet-latest.ps1 = dotnet-latest.ps1
		features.md = features.md
		global.json = global.json
		ImageSharp.ruleset = ImageSharp.ruleset
		ImageSharp.sln.DotSettings = ImageSharp.sln.DotSettings
		NuGet.config = NuGet.config
		README.md = README.md
		Rebracer.xml = Rebracer.xml
		Settings.StyleCop = Settings.StyleCop
	EndProjectSection
EndProject
Project("{2150E333-8FDC-42A3-9474-1A3956D46DE8}") = "Source", "Source", "{815C0625-CD3D-440F-9F80-2D83856AB7AE}"
EndProject
Project("{2150E333-8FDC-42A3-9474-1A3956D46DE8}") = "Tests", "Tests", "{56801022-D71A-4FBE-BC5B-CBA08E2284EC}"
EndProject
Project("{2150E333-8FDC-42A3-9474-1A3956D46DE8}") = "build", "build", "{E919DF0B-2607-4462-8FC0-5C98FE50F8C9}"
EndProject
Project("{2150E333-8FDC-42A3-9474-1A3956D46DE8}") = "Shared", "Shared", "{9E574A07-F879-4811-9C41-5CBDC6BAFDB7}"
	ProjectSection(SolutionItems) = preProject
		src\Shared\AssemblyInfo.Common.cs = src\Shared\AssemblyInfo.Common.cs
		src\Shared\stylecop.json = src\Shared\stylecop.json
	EndProjectSection
EndProject
Project("{9A19103F-16F7-4668-BE54-9A1E7A4F7556}") = "ImageSharp", "src\ImageSharp\ImageSharp.csproj", "{2AA31A1F-142C-43F4-8687-09ABCA4B3A26}"
EndProject
Project("{9A19103F-16F7-4668-BE54-9A1E7A4F7556}") = "ImageSharp.Drawing", "src\ImageSharp.Drawing\ImageSharp.Drawing.csproj", "{2E33181E-6E28-4662-A801-E2E7DC206029}"
EndProject
Project("{9A19103F-16F7-4668-BE54-9A1E7A4F7556}") = "build", "build\build.csproj", "{575A5002-DD9F-4335-AA47-1DD87FA13645}"
EndProject
Project("{9A19103F-16F7-4668-BE54-9A1E7A4F7556}") = "ImageSharp.Formats.Bmp", "src\ImageSharp.Formats.Bmp\ImageSharp.Formats.Bmp.csproj", "{C77661B9-F793-422E-8E27-AC60ECC5F215}"
EndProject
Project("{9A19103F-16F7-4668-BE54-9A1E7A4F7556}") = "ImageSharp.Formats.Gif", "src\ImageSharp.Formats.Gif\ImageSharp.Formats.Gif.csproj", "{27AD4B5F-ECC4-4C63-9ECB-04EC772FDB6F}"
EndProject
Project("{9A19103F-16F7-4668-BE54-9A1E7A4F7556}") = "ImageSharp.Formats.Jpeg", "src\ImageSharp.Formats.Jpeg\ImageSharp.Formats.Jpeg.csproj", "{7213767C-0003-41CA-AB18-0223CFA7CE4B}"
EndProject
Project("{9A19103F-16F7-4668-BE54-9A1E7A4F7556}") = "ImageSharp.Formats.Png", "src\ImageSharp.Formats.Png\ImageSharp.Formats.Png.csproj", "{556ABDCF-ED93-4327-BE98-F6815F78B9B8}"
EndProject
Project("{9A19103F-16F7-4668-BE54-9A1E7A4F7556}") = "ImageSharp.Processing", "src\ImageSharp.Processing\ImageSharp.Processing.csproj", "{A623CFE9-9D2B-4528-AD1F-2E834B061134}"
EndProject
Project("{FAE04EC0-301F-11D3-BF4B-00C04F79EFBC}") = "ImageSharp.Sandbox46", "tests\ImageSharp.Sandbox46\ImageSharp.Sandbox46.csproj", "{96188137-5FA6-4924-AB6E-4EFF79C6E0BB}"
	ProjectSection(ProjectDependencies) = postProject
		{2E33181E-6E28-4662-A801-E2E7DC206029} = {2E33181E-6E28-4662-A801-E2E7DC206029}
		{2AA31A1F-142C-43F4-8687-09ABCA4B3A26} = {2AA31A1F-142C-43F4-8687-09ABCA4B3A26}
		{27AD4B5F-ECC4-4C63-9ECB-04EC772FDB6F} = {27AD4B5F-ECC4-4C63-9ECB-04EC772FDB6F}
		{7213767C-0003-41CA-AB18-0223CFA7CE4B} = {7213767C-0003-41CA-AB18-0223CFA7CE4B}
		{C77661B9-F793-422E-8E27-AC60ECC5F215} = {C77661B9-F793-422E-8E27-AC60ECC5F215}
		{556ABDCF-ED93-4327-BE98-F6815F78B9B8} = {556ABDCF-ED93-4327-BE98-F6815F78B9B8}
		{A623CFE9-9D2B-4528-AD1F-2E834B061134} = {A623CFE9-9D2B-4528-AD1F-2E834B061134}
	EndProjectSection
EndProject
Project("{FAE04EC0-301F-11D3-BF4B-00C04F79EFBC}") = "ImageSharp.Tests", "tests\ImageSharp.Tests\ImageSharp.Tests.csproj", "{EA3000E9-2A91-4EC4-8A68-E566DEBDC4F6}"
EndProject
Project("{9A19103F-16F7-4668-BE54-9A1E7A4F7556}") = "ImageSharp.Benchmarks", "tests\ImageSharp.Benchmarks\ImageSharp.Benchmarks.csproj", "{2BF743D8-2A06-412D-96D7-F448F00C5EA5}"
EndProject
Global
	GlobalSection(SolutionConfigurationPlatforms) = preSolution
		Debug|Any CPU = Debug|Any CPU
		Debug|x64 = Debug|x64
		Debug|x86 = Debug|x86
		Release|Any CPU = Release|Any CPU
		Release|x64 = Release|x64
		Release|x86 = Release|x86
	EndGlobalSection
	GlobalSection(ProjectConfigurationPlatforms) = postSolution
		{2AA31A1F-142C-43F4-8687-09ABCA4B3A26}.Debug|Any CPU.ActiveCfg = Debug|Any CPU
		{2AA31A1F-142C-43F4-8687-09ABCA4B3A26}.Debug|Any CPU.Build.0 = Debug|Any CPU
		{2AA31A1F-142C-43F4-8687-09ABCA4B3A26}.Debug|x64.ActiveCfg = Debug|x64
		{2AA31A1F-142C-43F4-8687-09ABCA4B3A26}.Debug|x64.Build.0 = Debug|x64
		{2AA31A1F-142C-43F4-8687-09ABCA4B3A26}.Debug|x86.ActiveCfg = Debug|x86
		{2AA31A1F-142C-43F4-8687-09ABCA4B3A26}.Debug|x86.Build.0 = Debug|x86
		{2AA31A1F-142C-43F4-8687-09ABCA4B3A26}.Release|Any CPU.ActiveCfg = Release|Any CPU
		{2AA31A1F-142C-43F4-8687-09ABCA4B3A26}.Release|Any CPU.Build.0 = Release|Any CPU
		{2AA31A1F-142C-43F4-8687-09ABCA4B3A26}.Release|x64.ActiveCfg = Release|x64
		{2AA31A1F-142C-43F4-8687-09ABCA4B3A26}.Release|x64.Build.0 = Release|x64
		{2AA31A1F-142C-43F4-8687-09ABCA4B3A26}.Release|x86.ActiveCfg = Release|x86
		{2AA31A1F-142C-43F4-8687-09ABCA4B3A26}.Release|x86.Build.0 = Release|x86
		{2E33181E-6E28-4662-A801-E2E7DC206029}.Debug|Any CPU.ActiveCfg = Debug|Any CPU
		{2E33181E-6E28-4662-A801-E2E7DC206029}.Debug|Any CPU.Build.0 = Debug|Any CPU
		{2E33181E-6E28-4662-A801-E2E7DC206029}.Debug|x64.ActiveCfg = Debug|x64
		{2E33181E-6E28-4662-A801-E2E7DC206029}.Debug|x64.Build.0 = Debug|x64
		{2E33181E-6E28-4662-A801-E2E7DC206029}.Debug|x86.ActiveCfg = Debug|x86
		{2E33181E-6E28-4662-A801-E2E7DC206029}.Debug|x86.Build.0 = Debug|x86
		{2E33181E-6E28-4662-A801-E2E7DC206029}.Release|Any CPU.ActiveCfg = Release|Any CPU
		{2E33181E-6E28-4662-A801-E2E7DC206029}.Release|Any CPU.Build.0 = Release|Any CPU
		{2E33181E-6E28-4662-A801-E2E7DC206029}.Release|x64.ActiveCfg = Release|x64
		{2E33181E-6E28-4662-A801-E2E7DC206029}.Release|x64.Build.0 = Release|x64
		{2E33181E-6E28-4662-A801-E2E7DC206029}.Release|x86.ActiveCfg = Release|x86
		{2E33181E-6E28-4662-A801-E2E7DC206029}.Release|x86.Build.0 = Release|x86
		{575A5002-DD9F-4335-AA47-1DD87FA13645}.Debug|Any CPU.ActiveCfg = Debug|Any CPU
		{575A5002-DD9F-4335-AA47-1DD87FA13645}.Debug|Any CPU.Build.0 = Debug|Any CPU
		{575A5002-DD9F-4335-AA47-1DD87FA13645}.Debug|x64.ActiveCfg = Debug|x64
		{575A5002-DD9F-4335-AA47-1DD87FA13645}.Debug|x64.Build.0 = Debug|x64
		{575A5002-DD9F-4335-AA47-1DD87FA13645}.Debug|x86.ActiveCfg = Debug|x86
		{575A5002-DD9F-4335-AA47-1DD87FA13645}.Debug|x86.Build.0 = Debug|x86
		{575A5002-DD9F-4335-AA47-1DD87FA13645}.Release|Any CPU.ActiveCfg = Release|Any CPU
		{575A5002-DD9F-4335-AA47-1DD87FA13645}.Release|Any CPU.Build.0 = Release|Any CPU
		{575A5002-DD9F-4335-AA47-1DD87FA13645}.Release|x64.ActiveCfg = Release|x64
		{575A5002-DD9F-4335-AA47-1DD87FA13645}.Release|x64.Build.0 = Release|x64
		{575A5002-DD9F-4335-AA47-1DD87FA13645}.Release|x86.ActiveCfg = Release|x86
		{575A5002-DD9F-4335-AA47-1DD87FA13645}.Release|x86.Build.0 = Release|x86
		{C77661B9-F793-422E-8E27-AC60ECC5F215}.Debug|Any CPU.ActiveCfg = Debug|Any CPU
		{C77661B9-F793-422E-8E27-AC60ECC5F215}.Debug|Any CPU.Build.0 = Debug|Any CPU
		{C77661B9-F793-422E-8E27-AC60ECC5F215}.Debug|x64.ActiveCfg = Debug|x64
		{C77661B9-F793-422E-8E27-AC60ECC5F215}.Debug|x64.Build.0 = Debug|x64
		{C77661B9-F793-422E-8E27-AC60ECC5F215}.Debug|x86.ActiveCfg = Debug|x86
		{C77661B9-F793-422E-8E27-AC60ECC5F215}.Debug|x86.Build.0 = Debug|x86
		{C77661B9-F793-422E-8E27-AC60ECC5F215}.Release|Any CPU.ActiveCfg = Release|Any CPU
		{C77661B9-F793-422E-8E27-AC60ECC5F215}.Release|Any CPU.Build.0 = Release|Any CPU
		{C77661B9-F793-422E-8E27-AC60ECC5F215}.Release|x64.ActiveCfg = Release|x64
		{C77661B9-F793-422E-8E27-AC60ECC5F215}.Release|x64.Build.0 = Release|x64
		{C77661B9-F793-422E-8E27-AC60ECC5F215}.Release|x86.ActiveCfg = Release|x86
		{C77661B9-F793-422E-8E27-AC60ECC5F215}.Release|x86.Build.0 = Release|x86
		{27AD4B5F-ECC4-4C63-9ECB-04EC772FDB6F}.Debug|Any CPU.ActiveCfg = Debug|Any CPU
		{27AD4B5F-ECC4-4C63-9ECB-04EC772FDB6F}.Debug|Any CPU.Build.0 = Debug|Any CPU
		{27AD4B5F-ECC4-4C63-9ECB-04EC772FDB6F}.Debug|x64.ActiveCfg = Debug|x64
		{27AD4B5F-ECC4-4C63-9ECB-04EC772FDB6F}.Debug|x64.Build.0 = Debug|x64
		{27AD4B5F-ECC4-4C63-9ECB-04EC772FDB6F}.Debug|x86.ActiveCfg = Debug|x86
		{27AD4B5F-ECC4-4C63-9ECB-04EC772FDB6F}.Debug|x86.Build.0 = Debug|x86
		{27AD4B5F-ECC4-4C63-9ECB-04EC772FDB6F}.Release|Any CPU.ActiveCfg = Release|Any CPU
		{27AD4B5F-ECC4-4C63-9ECB-04EC772FDB6F}.Release|Any CPU.Build.0 = Release|Any CPU
		{27AD4B5F-ECC4-4C63-9ECB-04EC772FDB6F}.Release|x64.ActiveCfg = Release|x64
		{27AD4B5F-ECC4-4C63-9ECB-04EC772FDB6F}.Release|x64.Build.0 = Release|x64
		{27AD4B5F-ECC4-4C63-9ECB-04EC772FDB6F}.Release|x86.ActiveCfg = Release|x86
		{27AD4B5F-ECC4-4C63-9ECB-04EC772FDB6F}.Release|x86.Build.0 = Release|x86
		{7213767C-0003-41CA-AB18-0223CFA7CE4B}.Debug|Any CPU.ActiveCfg = Debug|Any CPU
		{7213767C-0003-41CA-AB18-0223CFA7CE4B}.Debug|Any CPU.Build.0 = Debug|Any CPU
		{7213767C-0003-41CA-AB18-0223CFA7CE4B}.Debug|x64.ActiveCfg = Debug|x64
		{7213767C-0003-41CA-AB18-0223CFA7CE4B}.Debug|x64.Build.0 = Debug|x64
		{7213767C-0003-41CA-AB18-0223CFA7CE4B}.Debug|x86.ActiveCfg = Debug|x86
		{7213767C-0003-41CA-AB18-0223CFA7CE4B}.Debug|x86.Build.0 = Debug|x86
		{7213767C-0003-41CA-AB18-0223CFA7CE4B}.Release|Any CPU.ActiveCfg = Release|Any CPU
		{7213767C-0003-41CA-AB18-0223CFA7CE4B}.Release|Any CPU.Build.0 = Release|Any CPU
		{7213767C-0003-41CA-AB18-0223CFA7CE4B}.Release|x64.ActiveCfg = Release|x64
		{7213767C-0003-41CA-AB18-0223CFA7CE4B}.Release|x64.Build.0 = Release|x64
		{7213767C-0003-41CA-AB18-0223CFA7CE4B}.Release|x86.ActiveCfg = Release|x86
		{7213767C-0003-41CA-AB18-0223CFA7CE4B}.Release|x86.Build.0 = Release|x86
		{556ABDCF-ED93-4327-BE98-F6815F78B9B8}.Debug|Any CPU.ActiveCfg = Debug|Any CPU
		{556ABDCF-ED93-4327-BE98-F6815F78B9B8}.Debug|Any CPU.Build.0 = Debug|Any CPU
		{556ABDCF-ED93-4327-BE98-F6815F78B9B8}.Debug|x64.ActiveCfg = Debug|x64
		{556ABDCF-ED93-4327-BE98-F6815F78B9B8}.Debug|x64.Build.0 = Debug|x64
		{556ABDCF-ED93-4327-BE98-F6815F78B9B8}.Debug|x86.ActiveCfg = Debug|x86
		{556ABDCF-ED93-4327-BE98-F6815F78B9B8}.Debug|x86.Build.0 = Debug|x86
		{556ABDCF-ED93-4327-BE98-F6815F78B9B8}.Release|Any CPU.ActiveCfg = Release|Any CPU
		{556ABDCF-ED93-4327-BE98-F6815F78B9B8}.Release|Any CPU.Build.0 = Release|Any CPU
		{556ABDCF-ED93-4327-BE98-F6815F78B9B8}.Release|x64.ActiveCfg = Release|x64
		{556ABDCF-ED93-4327-BE98-F6815F78B9B8}.Release|x64.Build.0 = Release|x64
		{556ABDCF-ED93-4327-BE98-F6815F78B9B8}.Release|x86.ActiveCfg = Release|x86
		{556ABDCF-ED93-4327-BE98-F6815F78B9B8}.Release|x86.Build.0 = Release|x86
		{A623CFE9-9D2B-4528-AD1F-2E834B061134}.Debug|Any CPU.ActiveCfg = Debug|Any CPU
		{A623CFE9-9D2B-4528-AD1F-2E834B061134}.Debug|Any CPU.Build.0 = Debug|Any CPU
		{A623CFE9-9D2B-4528-AD1F-2E834B061134}.Debug|x64.ActiveCfg = Debug|x64
		{A623CFE9-9D2B-4528-AD1F-2E834B061134}.Debug|x64.Build.0 = Debug|x64
		{A623CFE9-9D2B-4528-AD1F-2E834B061134}.Debug|x86.ActiveCfg = Debug|x86
		{A623CFE9-9D2B-4528-AD1F-2E834B061134}.Debug|x86.Build.0 = Debug|x86
		{A623CFE9-9D2B-4528-AD1F-2E834B061134}.Release|Any CPU.ActiveCfg = Release|Any CPU
		{A623CFE9-9D2B-4528-AD1F-2E834B061134}.Release|Any CPU.Build.0 = Release|Any CPU
		{A623CFE9-9D2B-4528-AD1F-2E834B061134}.Release|x64.ActiveCfg = Release|x64
		{A623CFE9-9D2B-4528-AD1F-2E834B061134}.Release|x64.Build.0 = Release|x64
		{A623CFE9-9D2B-4528-AD1F-2E834B061134}.Release|x86.ActiveCfg = Release|x86
		{A623CFE9-9D2B-4528-AD1F-2E834B061134}.Release|x86.Build.0 = Release|x86
		{96188137-5FA6-4924-AB6E-4EFF79C6E0BB}.Debug|Any CPU.ActiveCfg = Debug|Any CPU
		{96188137-5FA6-4924-AB6E-4EFF79C6E0BB}.Debug|Any CPU.Build.0 = Debug|Any CPU
		{96188137-5FA6-4924-AB6E-4EFF79C6E0BB}.Debug|x64.ActiveCfg = Debug|Any CPU
		{96188137-5FA6-4924-AB6E-4EFF79C6E0BB}.Debug|x64.Build.0 = Debug|Any CPU
		{96188137-5FA6-4924-AB6E-4EFF79C6E0BB}.Debug|x86.ActiveCfg = Debug|Any CPU
		{96188137-5FA6-4924-AB6E-4EFF79C6E0BB}.Debug|x86.Build.0 = Debug|Any CPU
		{96188137-5FA6-4924-AB6E-4EFF79C6E0BB}.Release|Any CPU.ActiveCfg = Release|Any CPU
		{96188137-5FA6-4924-AB6E-4EFF79C6E0BB}.Release|Any CPU.Build.0 = Release|Any CPU
		{96188137-5FA6-4924-AB6E-4EFF79C6E0BB}.Release|x64.ActiveCfg = Release|Any CPU
		{96188137-5FA6-4924-AB6E-4EFF79C6E0BB}.Release|x64.Build.0 = Release|Any CPU
		{96188137-5FA6-4924-AB6E-4EFF79C6E0BB}.Release|x86.ActiveCfg = Release|Any CPU
		{96188137-5FA6-4924-AB6E-4EFF79C6E0BB}.Release|x86.Build.0 = Release|Any CPU
		{EA3000E9-2A91-4EC4-8A68-E566DEBDC4F6}.Debug|Any CPU.ActiveCfg = Debug|Any CPU
		{EA3000E9-2A91-4EC4-8A68-E566DEBDC4F6}.Debug|Any CPU.Build.0 = Debug|Any CPU
		{EA3000E9-2A91-4EC4-8A68-E566DEBDC4F6}.Debug|x64.ActiveCfg = Debug|x64
		{EA3000E9-2A91-4EC4-8A68-E566DEBDC4F6}.Debug|x64.Build.0 = Debug|x64
		{EA3000E9-2A91-4EC4-8A68-E566DEBDC4F6}.Debug|x86.ActiveCfg = Debug|x86
		{EA3000E9-2A91-4EC4-8A68-E566DEBDC4F6}.Debug|x86.Build.0 = Debug|x86
		{EA3000E9-2A91-4EC4-8A68-E566DEBDC4F6}.Release|Any CPU.ActiveCfg = Release|Any CPU
		{EA3000E9-2A91-4EC4-8A68-E566DEBDC4F6}.Release|Any CPU.Build.0 = Release|Any CPU
		{EA3000E9-2A91-4EC4-8A68-E566DEBDC4F6}.Release|x64.ActiveCfg = Release|x64
		{EA3000E9-2A91-4EC4-8A68-E566DEBDC4F6}.Release|x64.Build.0 = Release|x64
		{EA3000E9-2A91-4EC4-8A68-E566DEBDC4F6}.Release|x86.ActiveCfg = Release|x86
		{EA3000E9-2A91-4EC4-8A68-E566DEBDC4F6}.Release|x86.Build.0 = Release|x86
		{2BF743D8-2A06-412D-96D7-F448F00C5EA5}.Debug|Any CPU.ActiveCfg = Debug|Any CPU
		{2BF743D8-2A06-412D-96D7-F448F00C5EA5}.Debug|Any CPU.Build.0 = Debug|Any CPU
		{2BF743D8-2A06-412D-96D7-F448F00C5EA5}.Debug|x64.ActiveCfg = Debug|x64
		{2BF743D8-2A06-412D-96D7-F448F00C5EA5}.Debug|x64.Build.0 = Debug|x64
		{2BF743D8-2A06-412D-96D7-F448F00C5EA5}.Debug|x86.ActiveCfg = Debug|x86
		{2BF743D8-2A06-412D-96D7-F448F00C5EA5}.Debug|x86.Build.0 = Debug|x86
		{2BF743D8-2A06-412D-96D7-F448F00C5EA5}.Release|Any CPU.ActiveCfg = Release|Any CPU
		{2BF743D8-2A06-412D-96D7-F448F00C5EA5}.Release|Any CPU.Build.0 = Release|Any CPU
		{2BF743D8-2A06-412D-96D7-F448F00C5EA5}.Release|x64.ActiveCfg = Release|x64
		{2BF743D8-2A06-412D-96D7-F448F00C5EA5}.Release|x64.Build.0 = Release|x64
		{2BF743D8-2A06-412D-96D7-F448F00C5EA5}.Release|x86.ActiveCfg = Release|x86
		{2BF743D8-2A06-412D-96D7-F448F00C5EA5}.Release|x86.Build.0 = Release|x86
	EndGlobalSection
	GlobalSection(SolutionProperties) = preSolution
		HideSolutionNode = FALSE
	EndGlobalSection
	GlobalSection(NestedProjects) = preSolution
		{9E574A07-F879-4811-9C41-5CBDC6BAFDB7} = {815C0625-CD3D-440F-9F80-2D83856AB7AE}
		{2AA31A1F-142C-43F4-8687-09ABCA4B3A26} = {815C0625-CD3D-440F-9F80-2D83856AB7AE}
		{2E33181E-6E28-4662-A801-E2E7DC206029} = {815C0625-CD3D-440F-9F80-2D83856AB7AE}
		{575A5002-DD9F-4335-AA47-1DD87FA13645} = {E919DF0B-2607-4462-8FC0-5C98FE50F8C9}
		{C77661B9-F793-422E-8E27-AC60ECC5F215} = {815C0625-CD3D-440F-9F80-2D83856AB7AE}
		{27AD4B5F-ECC4-4C63-9ECB-04EC772FDB6F} = {815C0625-CD3D-440F-9F80-2D83856AB7AE}
		{7213767C-0003-41CA-AB18-0223CFA7CE4B} = {815C0625-CD3D-440F-9F80-2D83856AB7AE}
		{556ABDCF-ED93-4327-BE98-F6815F78B9B8} = {815C0625-CD3D-440F-9F80-2D83856AB7AE}
		{A623CFE9-9D2B-4528-AD1F-2E834B061134} = {815C0625-CD3D-440F-9F80-2D83856AB7AE}
		{96188137-5FA6-4924-AB6E-4EFF79C6E0BB} = {56801022-D71A-4FBE-BC5B-CBA08E2284EC}
		{EA3000E9-2A91-4EC4-8A68-E566DEBDC4F6} = {56801022-D71A-4FBE-BC5B-CBA08E2284EC}
		{2BF743D8-2A06-412D-96D7-F448F00C5EA5} = {56801022-D71A-4FBE-BC5B-CBA08E2284EC}
	EndGlobalSection
EndGlobal
