
Microsoft Visual Studio Solution File, Format Version 12.00
# Visual Studio 15
VisualStudioVersion = 15.0.26430.14
MinimumVisualStudioVersion = 10.0.40219.1
Project("{2150E333-8FDC-42A3-9474-1A3956D46DE8}") = "SolutionItems", "SolutionItems", "{C317F1B1-D75E-4C6D-83EB-80367343E0D7}"
	ProjectSection(SolutionItems) = preProject
		.editorconfig = .editorconfig
		appveyor.yml = appveyor.yml
		build.cmd = build.cmd
		codecov.yml = codecov.yml
		gitversion.yml = gitversion.yml
		README.md = README.md
	EndProjectSection
EndProject
Project("{2150E333-8FDC-42A3-9474-1A3956D46DE8}") = "Source", "Source", "{815C0625-CD3D-440F-9F80-2D83856AB7AE}"
EndProject
Project("{2150E333-8FDC-42A3-9474-1A3956D46DE8}") = "Tests", "Tests", "{56801022-D71A-4FBE-BC5B-CBA08E2284EC}"
EndProject
Project("{9A19103F-16F7-4668-BE54-9A1E7A4F7556}") = "SixLabors.Core", "src\SixLabors.Core\SixLabors.Core.csproj", "{09E744EC-4852-4FC7-BE78-C1B399F17967}"
EndProject
Project("{9A19103F-16F7-4668-BE54-9A1E7A4F7556}") = "SixLabors.Core.Tests", "tests\SixLabors.Core.Tests\SixLabors.Core.Tests.csproj", "{F836E8E6-B4D9-4208-8346-140C74678B91}"
EndProject
Project("{2150E333-8FDC-42A3-9474-1A3956D46DE8}") = "CodeCoverage", "CodeCoverage", "{10A74B46-930F-49E3-A579-BC3A6A23321D}"
	ProjectSection(SolutionItems) = preProject
		tests\CodeCoverage\CodeCoverage.cmd = tests\CodeCoverage\CodeCoverage.cmd
	EndProjectSection
EndProject
Global
	GlobalSection(SolutionConfigurationPlatforms) = preSolution
		Debug|Any CPU = Debug|Any CPU
		Release|Any CPU = Release|Any CPU
	EndGlobalSection
	GlobalSection(ProjectConfigurationPlatforms) = postSolution
		{09E744EC-4852-4FC7-BE78-C1B399F17967}.Debug|Any CPU.ActiveCfg = Debug|Any CPU
		{09E744EC-4852-4FC7-BE78-C1B399F17967}.Debug|Any CPU.Build.0 = Debug|Any CPU
		{09E744EC-4852-4FC7-BE78-C1B399F17967}.Release|Any CPU.ActiveCfg = Release|Any CPU
		{09E744EC-4852-4FC7-BE78-C1B399F17967}.Release|Any CPU.Build.0 = Release|Any CPU
		{F836E8E6-B4D9-4208-8346-140C74678B91}.Debug|Any CPU.ActiveCfg = Debug|Any CPU
		{F836E8E6-B4D9-4208-8346-140C74678B91}.Debug|Any CPU.Build.0 = Debug|Any CPU
		{F836E8E6-B4D9-4208-8346-140C74678B91}.Release|Any CPU.ActiveCfg = Release|Any CPU
		{F836E8E6-B4D9-4208-8346-140C74678B91}.Release|Any CPU.Build.0 = Release|Any CPU
	EndGlobalSection
	GlobalSection(SolutionProperties) = preSolution
		HideSolutionNode = FALSE
	EndGlobalSection
	GlobalSection(NestedProjects) = preSolution
		{09E744EC-4852-4FC7-BE78-C1B399F17967} = {815C0625-CD3D-440F-9F80-2D83856AB7AE}
		{F836E8E6-B4D9-4208-8346-140C74678B91} = {56801022-D71A-4FBE-BC5B-CBA08E2284EC}
		{10A74B46-930F-49E3-A579-BC3A6A23321D} = {C317F1B1-D75E-4C6D-83EB-80367343E0D7}
	EndGlobalSection
	GlobalSection(Performance) = preSolution
		HasPerformanceSessions = true
	EndGlobalSection
EndGlobal
