
Microsoft Visual Studio Solution File, Format Version 12.00
# Visual Studio 2013
VisualStudioVersion = 12.0.31101.0
MinimumVisualStudioVersion = 10.0.40219.1
Project("{2150E333-8FDC-42A3-9474-1A3956D46DE8}") = ".nuget", ".nuget", "{1E656CDE-124D-4FAF-837C-0EF1E192D418}"
	ProjectSection(SolutionItems) = preProject
		.nuget\NuGet.Config = .nuget\NuGet.Config
		.nuget\NuGet.exe = .nuget\NuGet.exe
		.nuget\NuGet.targets = .nuget\NuGet.targets
	EndProjectSection
EndProject
Project("{FAE04EC0-301F-11D3-BF4B-00C04F79EFBC}") = "ImageProcessor", "ImageProcessor\ImageProcessor.csproj", "{3B5DD734-FB7A-487D-8CE6-55E7AF9AEA7E}"
EndProject
Project("{FAE04EC0-301F-11D3-BF4B-00C04F79EFBC}") = "ImageProcessor.Web", "ImageProcessor.Web\ImageProcessor.Web.csproj", "{D011A778-59C8-4BFA-A770-C350216BF161}"
EndProject
Project("{FAE04EC0-301F-11D3-BF4B-00C04F79EFBC}") = "ImageProcessor.Plugins.WebP", "Plugins\ImageProcessor\ImageProcessor.Plugins.WebP\ImageProcessor.Plugins.WebP.csproj", "{2CF69699-959A-44DC-A281-4E2596C25043}"
EndProject
Project("{FAE04EC0-301F-11D3-BF4B-00C04F79EFBC}") = "ImageProcessor.Web.UnitTests", "ImageProcessor.Web.UnitTests\ImageProcessor.Web.UnitTests.csproj", "{961340C8-8C93-401D-A0A2-FF9EC61E5260}"
EndProject
Project("{FAE04EC0-301F-11D3-BF4B-00C04F79EFBC}") = "ImageProcessor.UnitTests", "ImageProcessor.UnitTests\ImageProcessor.UnitTests.csproj", "{633B1C4C-4823-47BE-9A01-A665F3118C8C}"
EndProject
Project("{FAE04EC0-301F-11D3-BF4B-00C04F79EFBC}") = "Test_Website_MVC", "TestWebsites\MVC\Test_Website_MVC.csproj", "{F6A208E9-C18F-43E9-B051-3C6EED30FDAF}"
EndProject
Project("{FAE04EC0-301F-11D3-BF4B-00C04F79EFBC}") = "ImageProcessor.Plugins.Cair", "Plugins\ImageProcessor\ImageProcessor.Plugins.Cair\ImageProcessor.Plugins.Cair.csproj", "{C7D1F0DD-CBD6-4127-82B4-51949EFF0BF5}"
EndProject
Project("{FAE04EC0-301F-11D3-BF4B-00C04F79EFBC}") = "ImageProcessor.Playground", "ImageProcessor.Playground\ImageProcessor.Playground.csproj", "{7BF5274B-56A7-4B62-8105-E9BDF25BAFE7}"
EndProject
Project("{FAE04EC0-301F-11D3-BF4B-00C04F79EFBC}") = "ImageProcessor.Web.PostProcessor", "ImageProcessor.Web.PostProcessor\ImageProcessor.Web.PostProcessor.csproj", "{55D08737-7D7E-4995-8892-BD9F944329E6}"
EndProject
Project("{FAE04EC0-301F-11D3-BF4B-00C04F79EFBC}") = "ImageProcessor.Web.Plugins.AzureBlobCache", "Plugins\ImageProcessor.Web\ImageProcessor.Web.Plugins.AzureBlobCache\ImageProcessor.Web.Plugins.AzureBlobCache.csproj", "{3C805E4C-D679-43F8-8C43-8909CDB4D4D7}"
EndProject
Project("{2150E333-8FDC-42A3-9474-1A3956D46DE8}") = "Tests", "Tests", "{B5217BED-B0B7-408E-81B7-877DE2BF9036}"
EndProject
Project("{2150E333-8FDC-42A3-9474-1A3956D46DE8}") = "Plugins", "Plugins", "{5D12E196-FB7A-4D97-B156-56901EF8084D}"
EndProject
Global
	GlobalSection(SolutionConfigurationPlatforms) = preSolution
		All|Any CPU = All|Any CPU
		All|Mixed Platforms = All|Mixed Platforms
		All|x86 = All|x86
		Debug|Any CPU = Debug|Any CPU
		Debug|Mixed Platforms = Debug|Mixed Platforms
		Debug|x86 = Debug|x86
		Release|Any CPU = Release|Any CPU
		Release|Mixed Platforms = Release|Mixed Platforms
		Release|x86 = Release|x86
	EndGlobalSection
	GlobalSection(ProjectConfigurationPlatforms) = postSolution
		{3B5DD734-FB7A-487D-8CE6-55E7AF9AEA7E}.All|Any CPU.ActiveCfg = All|Any CPU
		{3B5DD734-FB7A-487D-8CE6-55E7AF9AEA7E}.All|Any CPU.Build.0 = All|Any CPU
		{3B5DD734-FB7A-487D-8CE6-55E7AF9AEA7E}.All|Mixed Platforms.ActiveCfg = All|Any CPU
		{3B5DD734-FB7A-487D-8CE6-55E7AF9AEA7E}.All|Mixed Platforms.Build.0 = All|Any CPU
		{3B5DD734-FB7A-487D-8CE6-55E7AF9AEA7E}.All|x86.ActiveCfg = All|Any CPU
		{3B5DD734-FB7A-487D-8CE6-55E7AF9AEA7E}.Debug|Any CPU.ActiveCfg = Debug|Any CPU
		{3B5DD734-FB7A-487D-8CE6-55E7AF9AEA7E}.Debug|Any CPU.Build.0 = Debug|Any CPU
		{3B5DD734-FB7A-487D-8CE6-55E7AF9AEA7E}.Debug|Mixed Platforms.ActiveCfg = Debug|Any CPU
		{3B5DD734-FB7A-487D-8CE6-55E7AF9AEA7E}.Debug|Mixed Platforms.Build.0 = Debug|Any CPU
		{3B5DD734-FB7A-487D-8CE6-55E7AF9AEA7E}.Debug|x86.ActiveCfg = Debug|Any CPU
		{3B5DD734-FB7A-487D-8CE6-55E7AF9AEA7E}.Release|Any CPU.ActiveCfg = Release|Any CPU
		{3B5DD734-FB7A-487D-8CE6-55E7AF9AEA7E}.Release|Any CPU.Build.0 = Release|Any CPU
		{3B5DD734-FB7A-487D-8CE6-55E7AF9AEA7E}.Release|Mixed Platforms.ActiveCfg = Release|Any CPU
		{3B5DD734-FB7A-487D-8CE6-55E7AF9AEA7E}.Release|Mixed Platforms.Build.0 = Release|Any CPU
		{3B5DD734-FB7A-487D-8CE6-55E7AF9AEA7E}.Release|x86.ActiveCfg = Release|Any CPU
		{D011A778-59C8-4BFA-A770-C350216BF161}.All|Any CPU.ActiveCfg = Release|Any CPU
		{D011A778-59C8-4BFA-A770-C350216BF161}.All|Any CPU.Build.0 = Release|Any CPU
		{D011A778-59C8-4BFA-A770-C350216BF161}.All|Mixed Platforms.ActiveCfg = Release|Any CPU
		{D011A778-59C8-4BFA-A770-C350216BF161}.All|Mixed Platforms.Build.0 = Release|Any CPU
		{D011A778-59C8-4BFA-A770-C350216BF161}.All|x86.ActiveCfg = Release|Any CPU
		{D011A778-59C8-4BFA-A770-C350216BF161}.Debug|Any CPU.ActiveCfg = Debug|Any CPU
		{D011A778-59C8-4BFA-A770-C350216BF161}.Debug|Any CPU.Build.0 = Debug|Any CPU
		{D011A778-59C8-4BFA-A770-C350216BF161}.Debug|Mixed Platforms.ActiveCfg = Debug|Any CPU
		{D011A778-59C8-4BFA-A770-C350216BF161}.Debug|Mixed Platforms.Build.0 = Debug|Any CPU
		{D011A778-59C8-4BFA-A770-C350216BF161}.Debug|x86.ActiveCfg = Debug|Any CPU
		{D011A778-59C8-4BFA-A770-C350216BF161}.Release|Any CPU.ActiveCfg = Release|Any CPU
		{D011A778-59C8-4BFA-A770-C350216BF161}.Release|Any CPU.Build.0 = Release|Any CPU
		{D011A778-59C8-4BFA-A770-C350216BF161}.Release|Mixed Platforms.ActiveCfg = Release|Any CPU
		{D011A778-59C8-4BFA-A770-C350216BF161}.Release|Mixed Platforms.Build.0 = Release|Any CPU
		{D011A778-59C8-4BFA-A770-C350216BF161}.Release|x86.ActiveCfg = Release|Any CPU
		{2CF69699-959A-44DC-A281-4E2596C25043}.All|Any CPU.ActiveCfg = Release|Any CPU
		{2CF69699-959A-44DC-A281-4E2596C25043}.All|Any CPU.Build.0 = Release|Any CPU
		{2CF69699-959A-44DC-A281-4E2596C25043}.All|Mixed Platforms.ActiveCfg = Release|Any CPU
		{2CF69699-959A-44DC-A281-4E2596C25043}.All|Mixed Platforms.Build.0 = Release|Any CPU
		{2CF69699-959A-44DC-A281-4E2596C25043}.All|x86.ActiveCfg = Release|Any CPU
		{2CF69699-959A-44DC-A281-4E2596C25043}.Debug|Any CPU.ActiveCfg = Debug|Any CPU
		{2CF69699-959A-44DC-A281-4E2596C25043}.Debug|Any CPU.Build.0 = Debug|Any CPU
		{2CF69699-959A-44DC-A281-4E2596C25043}.Debug|Mixed Platforms.ActiveCfg = Debug|Any CPU
		{2CF69699-959A-44DC-A281-4E2596C25043}.Debug|Mixed Platforms.Build.0 = Debug|Any CPU
		{2CF69699-959A-44DC-A281-4E2596C25043}.Debug|x86.ActiveCfg = Debug|Any CPU
		{2CF69699-959A-44DC-A281-4E2596C25043}.Release|Any CPU.ActiveCfg = Release|Any CPU
		{2CF69699-959A-44DC-A281-4E2596C25043}.Release|Any CPU.Build.0 = Release|Any CPU
		{2CF69699-959A-44DC-A281-4E2596C25043}.Release|Mixed Platforms.ActiveCfg = Release|Any CPU
		{2CF69699-959A-44DC-A281-4E2596C25043}.Release|Mixed Platforms.Build.0 = Release|Any CPU
		{2CF69699-959A-44DC-A281-4E2596C25043}.Release|x86.ActiveCfg = Release|Any CPU
		{961340C8-8C93-401D-A0A2-FF9EC61E5260}.All|Any CPU.ActiveCfg = Release|Any CPU
		{961340C8-8C93-401D-A0A2-FF9EC61E5260}.All|Any CPU.Build.0 = Release|Any CPU
		{961340C8-8C93-401D-A0A2-FF9EC61E5260}.All|Mixed Platforms.ActiveCfg = Release|Any CPU
		{961340C8-8C93-401D-A0A2-FF9EC61E5260}.All|Mixed Platforms.Build.0 = Release|Any CPU
		{961340C8-8C93-401D-A0A2-FF9EC61E5260}.All|x86.ActiveCfg = Release|Any CPU
		{961340C8-8C93-401D-A0A2-FF9EC61E5260}.Debug|Any CPU.ActiveCfg = Debug|Any CPU
		{961340C8-8C93-401D-A0A2-FF9EC61E5260}.Debug|Any CPU.Build.0 = Debug|Any CPU
		{961340C8-8C93-401D-A0A2-FF9EC61E5260}.Debug|Mixed Platforms.ActiveCfg = Debug|Any CPU
		{961340C8-8C93-401D-A0A2-FF9EC61E5260}.Debug|Mixed Platforms.Build.0 = Debug|Any CPU
		{961340C8-8C93-401D-A0A2-FF9EC61E5260}.Debug|x86.ActiveCfg = Debug|Any CPU
		{961340C8-8C93-401D-A0A2-FF9EC61E5260}.Release|Any CPU.ActiveCfg = Release|Any CPU
		{961340C8-8C93-401D-A0A2-FF9EC61E5260}.Release|Any CPU.Build.0 = Release|Any CPU
		{961340C8-8C93-401D-A0A2-FF9EC61E5260}.Release|Mixed Platforms.ActiveCfg = Release|Any CPU
		{961340C8-8C93-401D-A0A2-FF9EC61E5260}.Release|Mixed Platforms.Build.0 = Release|Any CPU
		{961340C8-8C93-401D-A0A2-FF9EC61E5260}.Release|x86.ActiveCfg = Release|Any CPU
		{633B1C4C-4823-47BE-9A01-A665F3118C8C}.All|Any CPU.ActiveCfg = Release|Any CPU
		{633B1C4C-4823-47BE-9A01-A665F3118C8C}.All|Any CPU.Build.0 = Release|Any CPU
		{633B1C4C-4823-47BE-9A01-A665F3118C8C}.All|Mixed Platforms.ActiveCfg = Release|Any CPU
		{633B1C4C-4823-47BE-9A01-A665F3118C8C}.All|Mixed Platforms.Build.0 = Release|Any CPU
		{633B1C4C-4823-47BE-9A01-A665F3118C8C}.All|x86.ActiveCfg = Release|Any CPU
		{633B1C4C-4823-47BE-9A01-A665F3118C8C}.Debug|Any CPU.ActiveCfg = Debug|Any CPU
		{633B1C4C-4823-47BE-9A01-A665F3118C8C}.Debug|Any CPU.Build.0 = Debug|Any CPU
		{633B1C4C-4823-47BE-9A01-A665F3118C8C}.Debug|Mixed Platforms.ActiveCfg = Debug|Any CPU
		{633B1C4C-4823-47BE-9A01-A665F3118C8C}.Debug|Mixed Platforms.Build.0 = Debug|Any CPU
		{633B1C4C-4823-47BE-9A01-A665F3118C8C}.Debug|x86.ActiveCfg = Debug|Any CPU
		{633B1C4C-4823-47BE-9A01-A665F3118C8C}.Release|Any CPU.ActiveCfg = Release|Any CPU
		{633B1C4C-4823-47BE-9A01-A665F3118C8C}.Release|Any CPU.Build.0 = Release|Any CPU
		{633B1C4C-4823-47BE-9A01-A665F3118C8C}.Release|Mixed Platforms.ActiveCfg = Release|Any CPU
		{633B1C4C-4823-47BE-9A01-A665F3118C8C}.Release|Mixed Platforms.Build.0 = Release|Any CPU
		{633B1C4C-4823-47BE-9A01-A665F3118C8C}.Release|x86.ActiveCfg = Release|Any CPU
		{F6A208E9-C18F-43E9-B051-3C6EED30FDAF}.All|Any CPU.ActiveCfg = Release|Any CPU
		{F6A208E9-C18F-43E9-B051-3C6EED30FDAF}.All|Any CPU.Build.0 = Release|Any CPU
		{F6A208E9-C18F-43E9-B051-3C6EED30FDAF}.All|Mixed Platforms.ActiveCfg = Release|Any CPU
		{F6A208E9-C18F-43E9-B051-3C6EED30FDAF}.All|Mixed Platforms.Build.0 = Release|Any CPU
		{F6A208E9-C18F-43E9-B051-3C6EED30FDAF}.All|x86.ActiveCfg = Release|Any CPU
		{F6A208E9-C18F-43E9-B051-3C6EED30FDAF}.Debug|Any CPU.ActiveCfg = Debug|Any CPU
		{F6A208E9-C18F-43E9-B051-3C6EED30FDAF}.Debug|Any CPU.Build.0 = Debug|Any CPU
		{F6A208E9-C18F-43E9-B051-3C6EED30FDAF}.Debug|Mixed Platforms.ActiveCfg = Debug|Any CPU
		{F6A208E9-C18F-43E9-B051-3C6EED30FDAF}.Debug|Mixed Platforms.Build.0 = Debug|Any CPU
		{F6A208E9-C18F-43E9-B051-3C6EED30FDAF}.Debug|x86.ActiveCfg = Debug|Any CPU
		{F6A208E9-C18F-43E9-B051-3C6EED30FDAF}.Release|Any CPU.ActiveCfg = Release|Any CPU
		{F6A208E9-C18F-43E9-B051-3C6EED30FDAF}.Release|Any CPU.Build.0 = Release|Any CPU
		{F6A208E9-C18F-43E9-B051-3C6EED30FDAF}.Release|Mixed Platforms.ActiveCfg = Release|Any CPU
		{F6A208E9-C18F-43E9-B051-3C6EED30FDAF}.Release|Mixed Platforms.Build.0 = Release|Any CPU
		{F6A208E9-C18F-43E9-B051-3C6EED30FDAF}.Release|x86.ActiveCfg = Release|Any CPU
		{C7D1F0DD-CBD6-4127-82B4-51949EFF0BF5}.All|Any CPU.ActiveCfg = Release|Any CPU
		{C7D1F0DD-CBD6-4127-82B4-51949EFF0BF5}.All|Any CPU.Build.0 = Release|Any CPU
		{C7D1F0DD-CBD6-4127-82B4-51949EFF0BF5}.All|Mixed Platforms.ActiveCfg = Release|Any CPU
		{C7D1F0DD-CBD6-4127-82B4-51949EFF0BF5}.All|Mixed Platforms.Build.0 = Release|Any CPU
		{C7D1F0DD-CBD6-4127-82B4-51949EFF0BF5}.All|x86.ActiveCfg = Release|Any CPU
		{C7D1F0DD-CBD6-4127-82B4-51949EFF0BF5}.Debug|Any CPU.ActiveCfg = Debug|Any CPU
		{C7D1F0DD-CBD6-4127-82B4-51949EFF0BF5}.Debug|Any CPU.Build.0 = Debug|Any CPU
		{C7D1F0DD-CBD6-4127-82B4-51949EFF0BF5}.Debug|Mixed Platforms.ActiveCfg = Debug|Any CPU
		{C7D1F0DD-CBD6-4127-82B4-51949EFF0BF5}.Debug|Mixed Platforms.Build.0 = Debug|Any CPU
		{C7D1F0DD-CBD6-4127-82B4-51949EFF0BF5}.Debug|x86.ActiveCfg = Debug|Any CPU
		{C7D1F0DD-CBD6-4127-82B4-51949EFF0BF5}.Release|Any CPU.ActiveCfg = Release|Any CPU
		{C7D1F0DD-CBD6-4127-82B4-51949EFF0BF5}.Release|Any CPU.Build.0 = Release|Any CPU
		{C7D1F0DD-CBD6-4127-82B4-51949EFF0BF5}.Release|Mixed Platforms.ActiveCfg = Release|Any CPU
		{C7D1F0DD-CBD6-4127-82B4-51949EFF0BF5}.Release|Mixed Platforms.Build.0 = Release|Any CPU
		{C7D1F0DD-CBD6-4127-82B4-51949EFF0BF5}.Release|x86.ActiveCfg = Release|Any CPU
		{7BF5274B-56A7-4B62-8105-E9BDF25BAFE7}.All|Any CPU.ActiveCfg = Release|Any CPU
		{7BF5274B-56A7-4B62-8105-E9BDF25BAFE7}.All|Any CPU.Build.0 = Release|Any CPU
		{7BF5274B-56A7-4B62-8105-E9BDF25BAFE7}.All|Mixed Platforms.ActiveCfg = Release|Any CPU
		{7BF5274B-56A7-4B62-8105-E9BDF25BAFE7}.All|Mixed Platforms.Build.0 = Release|Any CPU
		{7BF5274B-56A7-4B62-8105-E9BDF25BAFE7}.All|x86.ActiveCfg = Release|Any CPU
		{7BF5274B-56A7-4B62-8105-E9BDF25BAFE7}.Debug|Any CPU.ActiveCfg = Debug|Any CPU
		{7BF5274B-56A7-4B62-8105-E9BDF25BAFE7}.Debug|Any CPU.Build.0 = Debug|Any CPU
		{7BF5274B-56A7-4B62-8105-E9BDF25BAFE7}.Debug|Mixed Platforms.ActiveCfg = Debug|Any CPU
		{7BF5274B-56A7-4B62-8105-E9BDF25BAFE7}.Debug|Mixed Platforms.Build.0 = Debug|Any CPU
		{7BF5274B-56A7-4B62-8105-E9BDF25BAFE7}.Debug|x86.ActiveCfg = Debug|Any CPU
		{7BF5274B-56A7-4B62-8105-E9BDF25BAFE7}.Release|Any CPU.ActiveCfg = Release|Any CPU
		{7BF5274B-56A7-4B62-8105-E9BDF25BAFE7}.Release|Any CPU.Build.0 = Release|Any CPU
		{7BF5274B-56A7-4B62-8105-E9BDF25BAFE7}.Release|Mixed Platforms.ActiveCfg = Release|Any CPU
		{7BF5274B-56A7-4B62-8105-E9BDF25BAFE7}.Release|Mixed Platforms.Build.0 = Release|Any CPU
		{7BF5274B-56A7-4B62-8105-E9BDF25BAFE7}.Release|x86.ActiveCfg = Release|Any CPU
		{55D08737-7D7E-4995-8892-BD9F944329E6}.All|Any CPU.ActiveCfg = Release|Any CPU
		{55D08737-7D7E-4995-8892-BD9F944329E6}.All|Any CPU.Build.0 = Release|Any CPU
		{55D08737-7D7E-4995-8892-BD9F944329E6}.All|Mixed Platforms.ActiveCfg = Release|Any CPU
		{55D08737-7D7E-4995-8892-BD9F944329E6}.All|Mixed Platforms.Build.0 = Release|Any CPU
		{55D08737-7D7E-4995-8892-BD9F944329E6}.All|x86.ActiveCfg = Release|Any CPU
		{55D08737-7D7E-4995-8892-BD9F944329E6}.Debug|Any CPU.ActiveCfg = Debug|Any CPU
		{55D08737-7D7E-4995-8892-BD9F944329E6}.Debug|Any CPU.Build.0 = Debug|Any CPU
		{55D08737-7D7E-4995-8892-BD9F944329E6}.Debug|Mixed Platforms.ActiveCfg = Debug|Any CPU
		{55D08737-7D7E-4995-8892-BD9F944329E6}.Debug|Mixed Platforms.Build.0 = Debug|Any CPU
		{55D08737-7D7E-4995-8892-BD9F944329E6}.Debug|x86.ActiveCfg = Debug|Any CPU
		{55D08737-7D7E-4995-8892-BD9F944329E6}.Release|Any CPU.ActiveCfg = Release|Any CPU
		{55D08737-7D7E-4995-8892-BD9F944329E6}.Release|Any CPU.Build.0 = Release|Any CPU
		{55D08737-7D7E-4995-8892-BD9F944329E6}.Release|Mixed Platforms.ActiveCfg = Release|Any CPU
		{55D08737-7D7E-4995-8892-BD9F944329E6}.Release|Mixed Platforms.Build.0 = Release|Any CPU
		{55D08737-7D7E-4995-8892-BD9F944329E6}.Release|x86.ActiveCfg = Release|Any CPU
		{3C805E4C-D679-43F8-8C43-8909CDB4D4D7}.All|Any CPU.ActiveCfg = Release|Any CPU
		{3C805E4C-D679-43F8-8C43-8909CDB4D4D7}.All|Any CPU.Build.0 = Release|Any CPU
		{3C805E4C-D679-43F8-8C43-8909CDB4D4D7}.All|Mixed Platforms.ActiveCfg = Release|Any CPU
		{3C805E4C-D679-43F8-8C43-8909CDB4D4D7}.All|Mixed Platforms.Build.0 = Release|Any CPU
		{3C805E4C-D679-43F8-8C43-8909CDB4D4D7}.All|x86.ActiveCfg = Release|Any CPU
		{3C805E4C-D679-43F8-8C43-8909CDB4D4D7}.Debug|Any CPU.ActiveCfg = Debug|Any CPU
		{3C805E4C-D679-43F8-8C43-8909CDB4D4D7}.Debug|Any CPU.Build.0 = Debug|Any CPU
		{3C805E4C-D679-43F8-8C43-8909CDB4D4D7}.Debug|Mixed Platforms.ActiveCfg = Debug|Any CPU
		{3C805E4C-D679-43F8-8C43-8909CDB4D4D7}.Debug|Mixed Platforms.Build.0 = Debug|Any CPU
		{3C805E4C-D679-43F8-8C43-8909CDB4D4D7}.Debug|x86.ActiveCfg = Debug|Any CPU
		{3C805E4C-D679-43F8-8C43-8909CDB4D4D7}.Release|Any CPU.ActiveCfg = Release|Any CPU
		{3C805E4C-D679-43F8-8C43-8909CDB4D4D7}.Release|Any CPU.Build.0 = Release|Any CPU
		{3C805E4C-D679-43F8-8C43-8909CDB4D4D7}.Release|Mixed Platforms.ActiveCfg = Release|Any CPU
		{3C805E4C-D679-43F8-8C43-8909CDB4D4D7}.Release|Mixed Platforms.Build.0 = Release|Any CPU
		{3C805E4C-D679-43F8-8C43-8909CDB4D4D7}.Release|x86.ActiveCfg = Release|Any CPU
	EndGlobalSection
	GlobalSection(SolutionProperties) = preSolution
		HideSolutionNode = FALSE
	EndGlobalSection
	GlobalSection(NestedProjects) = preSolution
		{2CF69699-959A-44DC-A281-4E2596C25043} = {5D12E196-FB7A-4D97-B156-56901EF8084D}
		{961340C8-8C93-401D-A0A2-FF9EC61E5260} = {B5217BED-B0B7-408E-81B7-877DE2BF9036}
		{633B1C4C-4823-47BE-9A01-A665F3118C8C} = {B5217BED-B0B7-408E-81B7-877DE2BF9036}
		{F6A208E9-C18F-43E9-B051-3C6EED30FDAF} = {B5217BED-B0B7-408E-81B7-877DE2BF9036}
		{C7D1F0DD-CBD6-4127-82B4-51949EFF0BF5} = {5D12E196-FB7A-4D97-B156-56901EF8084D}
		{7BF5274B-56A7-4B62-8105-E9BDF25BAFE7} = {B5217BED-B0B7-408E-81B7-877DE2BF9036}
		{3C805E4C-D679-43F8-8C43-8909CDB4D4D7} = {5D12E196-FB7A-4D97-B156-56901EF8084D}
	EndGlobalSection
	GlobalSection(MonoDevelopProperties) = preSolution
		StartupItem = ImageProcessorConsole\ImageProcessorConsole.csproj
	EndGlobalSection
	GlobalSection(TestCaseManagementSettings) = postSolution
		CategoryFile = ImageProcessor.vsmdi
	EndGlobalSection
EndGlobal
