
Microsoft Visual Studio Solution File, Format Version 12.00
# Visual Studio 2012
VisualStudioVersion = 12.0.30110.0
MinimumVisualStudioVersion = 10.0.40219.1
Project("{2150E333-8FDC-42A3-9474-1A3956D46DE8}") = ".nuget", ".nuget", "{1E656CDE-124D-4FAF-837C-0EF1E192D418}"
	ProjectSection(SolutionItems) = preProject
		.nuget\NuGet.Config = .nuget\NuGet.Config
		.nuget\NuGet.exe = .nuget\NuGet.exe
		.nuget\NuGet.targets = .nuget\NuGet.targets
	EndProjectSection
EndProject
Project("{FAE04EC0-301F-11D3-BF4B-00C04F79EFBC}") = "ImageProcessor", "ImageProcessor\ImageProcessor.csproj", "{3B5DD734-FB7A-487D-8CE6-55E7AF9AEA7E}"
EndProject
Project("{FAE04EC0-301F-11D3-BF4B-00C04F79EFBC}") = "ImageProcessor.Web_NET4", "ImageProcessor.Web\NET4\ImageProcessor.Web_NET4.csproj", "{4F7050F2-465F-4E10-8DB2-2FB97AC6AA43}"
EndProject
Project("{FAE04EC0-301F-11D3-BF4B-00C04F79EFBC}") = "ImageProcessor.Web_NET45", "ImageProcessor.Web\NET45\ImageProcessor.Web_NET45.csproj", "{D011A778-59C8-4BFA-A770-C350216BF161}"
EndProject
Project("{FAE04EC0-301F-11D3-BF4B-00C04F79EFBC}") = "ImageProcessor.Playground", "ImageProcessor.Playground\ImageProcessor.Playground.csproj", "{7BF5274B-56A7-4B62-8105-E9BDF25BAFE7}"
EndProject
Project("{FAE04EC0-301F-11D3-BF4B-00C04F79EFBC}") = "ImageProcessor.UnitTests", "ImageProcessor.UnitTests\ImageProcessor.UnitTests.csproj", "{03CA9055-F997-428C-BF28-F50F991777C6}"
EndProject
Global
	GlobalSection(SolutionConfigurationPlatforms) = preSolution
		All|Any CPU = All|Any CPU
		All|Mixed Platforms = All|Mixed Platforms
		All|x86 = All|x86
		Debug|Any CPU = Debug|Any CPU
		Debug|Mixed Platforms = Debug|Mixed Platforms
		Debug|x86 = Debug|x86
		Release|Any CPU = Release|Any CPU
		Release|Mixed Platforms = Release|Mixed Platforms
		Release|x86 = Release|x86
	EndGlobalSection
	GlobalSection(ProjectConfigurationPlatforms) = postSolution
		{03CA9055-F997-428C-BF28-F50F991777C6}.All|Any CPU.ActiveCfg = Debug|Any CPU
		{03CA9055-F997-428C-BF28-F50F991777C6}.All|Any CPU.Build.0 = Debug|Any CPU
		{03CA9055-F997-428C-BF28-F50F991777C6}.All|Mixed Platforms.ActiveCfg = Debug|Any CPU
		{03CA9055-F997-428C-BF28-F50F991777C6}.All|Mixed Platforms.Build.0 = Debug|Any CPU
		{03CA9055-F997-428C-BF28-F50F991777C6}.All|x86.ActiveCfg = Debug|Any CPU
		{03CA9055-F997-428C-BF28-F50F991777C6}.All|x86.Build.0 = Debug|Any CPU
		{03CA9055-F997-428C-BF28-F50F991777C6}.Debug|Any CPU.ActiveCfg = Debug|Any CPU
		{03CA9055-F997-428C-BF28-F50F991777C6}.Debug|Any CPU.Build.0 = Debug|Any CPU
		{03CA9055-F997-428C-BF28-F50F991777C6}.Debug|Mixed Platforms.ActiveCfg = Debug|Any CPU
		{03CA9055-F997-428C-BF28-F50F991777C6}.Debug|Mixed Platforms.Build.0 = Debug|Any CPU
		{03CA9055-F997-428C-BF28-F50F991777C6}.Debug|x86.ActiveCfg = Debug|Any CPU
		{03CA9055-F997-428C-BF28-F50F991777C6}.Debug|x86.Build.0 = Debug|Any CPU
		{03CA9055-F997-428C-BF28-F50F991777C6}.Release|Any CPU.ActiveCfg = Release|Any CPU
		{03CA9055-F997-428C-BF28-F50F991777C6}.Release|Any CPU.Build.0 = Release|Any CPU
		{03CA9055-F997-428C-BF28-F50F991777C6}.Release|Mixed Platforms.ActiveCfg = Release|Any CPU
		{03CA9055-F997-428C-BF28-F50F991777C6}.Release|Mixed Platforms.Build.0 = Release|Any CPU
		{03CA9055-F997-428C-BF28-F50F991777C6}.Release|x86.ActiveCfg = Release|Any CPU
		{03CA9055-F997-428C-BF28-F50F991777C6}.Release|x86.Build.0 = Release|Any CPU
		{3B5DD734-FB7A-487D-8CE6-55E7AF9AEA7E}.All|Any CPU.ActiveCfg = All|Any CPU
		{3B5DD734-FB7A-487D-8CE6-55E7AF9AEA7E}.All|Any CPU.Build.0 = All|Any CPU
		{3B5DD734-FB7A-487D-8CE6-55E7AF9AEA7E}.All|Mixed Platforms.ActiveCfg = All|Any CPU
		{3B5DD734-FB7A-487D-8CE6-55E7AF9AEA7E}.All|Mixed Platforms.Build.0 = All|Any CPU
		{3B5DD734-FB7A-487D-8CE6-55E7AF9AEA7E}.All|x86.ActiveCfg = All|Any CPU
		{3B5DD734-FB7A-487D-8CE6-55E7AF9AEA7E}.Debug|Any CPU.ActiveCfg = Debug|Any CPU
		{3B5DD734-FB7A-487D-8CE6-55E7AF9AEA7E}.Debug|Any CPU.Build.0 = Debug|Any CPU
		{3B5DD734-FB7A-487D-8CE6-55E7AF9AEA7E}.Debug|Mixed Platforms.ActiveCfg = Debug|Any CPU
		{3B5DD734-FB7A-487D-8CE6-55E7AF9AEA7E}.Debug|Mixed Platforms.Build.0 = Debug|Any CPU
		{3B5DD734-FB7A-487D-8CE6-55E7AF9AEA7E}.Debug|x86.ActiveCfg = Debug|Any CPU
		{3B5DD734-FB7A-487D-8CE6-55E7AF9AEA7E}.Release|Any CPU.ActiveCfg = Release|Any CPU
		{3B5DD734-FB7A-487D-8CE6-55E7AF9AEA7E}.Release|Any CPU.Build.0 = Release|Any CPU
		{3B5DD734-FB7A-487D-8CE6-55E7AF9AEA7E}.Release|Mixed Platforms.ActiveCfg = Release|Any CPU
		{3B5DD734-FB7A-487D-8CE6-55E7AF9AEA7E}.Release|Mixed Platforms.Build.0 = Release|Any CPU
		{3B5DD734-FB7A-487D-8CE6-55E7AF9AEA7E}.Release|x86.ActiveCfg = Release|Any CPU
		{4F7050F2-465F-4E10-8DB2-2FB97AC6AA43}.All|Any CPU.ActiveCfg = All|Any CPU
		{4F7050F2-465F-4E10-8DB2-2FB97AC6AA43}.All|Any CPU.Build.0 = All|Any CPU
		{4F7050F2-465F-4E10-8DB2-2FB97AC6AA43}.All|Mixed Platforms.ActiveCfg = All|Any CPU
		{4F7050F2-465F-4E10-8DB2-2FB97AC6AA43}.All|Mixed Platforms.Build.0 = All|Any CPU
		{4F7050F2-465F-4E10-8DB2-2FB97AC6AA43}.All|x86.ActiveCfg = All|Any CPU
		{4F7050F2-465F-4E10-8DB2-2FB97AC6AA43}.Debug|Any CPU.ActiveCfg = Debug|Any CPU
		{4F7050F2-465F-4E10-8DB2-2FB97AC6AA43}.Debug|Any CPU.Build.0 = Debug|Any CPU
		{4F7050F2-465F-4E10-8DB2-2FB97AC6AA43}.Debug|Mixed Platforms.ActiveCfg = Debug|Any CPU
		{4F7050F2-465F-4E10-8DB2-2FB97AC6AA43}.Debug|Mixed Platforms.Build.0 = Debug|Any CPU
		{4F7050F2-465F-4E10-8DB2-2FB97AC6AA43}.Debug|x86.ActiveCfg = Debug|Any CPU
		{4F7050F2-465F-4E10-8DB2-2FB97AC6AA43}.Release|Any CPU.ActiveCfg = Release|Any CPU
		{4F7050F2-465F-4E10-8DB2-2FB97AC6AA43}.Release|Any CPU.Build.0 = Release|Any CPU
		{4F7050F2-465F-4E10-8DB2-2FB97AC6AA43}.Release|Mixed Platforms.ActiveCfg = Release|Any CPU
		{4F7050F2-465F-4E10-8DB2-2FB97AC6AA43}.Release|Mixed Platforms.Build.0 = Release|Any CPU
		{4F7050F2-465F-4E10-8DB2-2FB97AC6AA43}.Release|x86.ActiveCfg = Release|Any CPU
		{7BF5274B-56A7-4B62-8105-E9BDF25BAFE7}.All|Any CPU.ActiveCfg = Release|Any CPU
		{7BF5274B-56A7-4B62-8105-E9BDF25BAFE7}.All|Any CPU.Build.0 = Release|Any CPU
		{7BF5274B-56A7-4B62-8105-E9BDF25BAFE7}.All|Mixed Platforms.ActiveCfg = Release|Any CPU
		{7BF5274B-56A7-4B62-8105-E9BDF25BAFE7}.All|Mixed Platforms.Build.0 = Release|Any CPU
		{7BF5274B-56A7-4B62-8105-E9BDF25BAFE7}.All|x86.ActiveCfg = Release|Any CPU
		{7BF5274B-56A7-4B62-8105-E9BDF25BAFE7}.Debug|Any CPU.ActiveCfg = Debug|Any CPU
		{7BF5274B-56A7-4B62-8105-E9BDF25BAFE7}.Debug|Any CPU.Build.0 = Debug|Any CPU
		{7BF5274B-56A7-4B62-8105-E9BDF25BAFE7}.Debug|Mixed Platforms.ActiveCfg = Debug|Any CPU
		{7BF5274B-56A7-4B62-8105-E9BDF25BAFE7}.Debug|Mixed Platforms.Build.0 = Debug|Any CPU
		{7BF5274B-56A7-4B62-8105-E9BDF25BAFE7}.Debug|x86.ActiveCfg = Debug|Any CPU
		{7BF5274B-56A7-4B62-8105-E9BDF25BAFE7}.Release|Any CPU.ActiveCfg = Release|Any CPU
		{7BF5274B-56A7-4B62-8105-E9BDF25BAFE7}.Release|Any CPU.Build.0 = Release|Any CPU
		{7BF5274B-56A7-4B62-8105-E9BDF25BAFE7}.Release|Mixed Platforms.ActiveCfg = Release|Any CPU
		{7BF5274B-56A7-4B62-8105-E9BDF25BAFE7}.Release|Mixed Platforms.Build.0 = Release|Any CPU
		{7BF5274B-56A7-4B62-8105-E9BDF25BAFE7}.Release|x86.ActiveCfg = Release|Any CPU
		{D011A778-59C8-4BFA-A770-C350216BF161}.All|Any CPU.ActiveCfg = Release|Any CPU
		{D011A778-59C8-4BFA-A770-C350216BF161}.All|Any CPU.Build.0 = Release|Any CPU
		{D011A778-59C8-4BFA-A770-C350216BF161}.All|Mixed Platforms.ActiveCfg = Release|Any CPU
		{D011A778-59C8-4BFA-A770-C350216BF161}.All|Mixed Platforms.Build.0 = Release|Any CPU
		{D011A778-59C8-4BFA-A770-C350216BF161}.All|x86.ActiveCfg = Release|Any CPU
		{D011A778-59C8-4BFA-A770-C350216BF161}.Debug|Any CPU.ActiveCfg = Debug|Any CPU
		{D011A778-59C8-4BFA-A770-C350216BF161}.Debug|Any CPU.Build.0 = Debug|Any CPU
		{D011A778-59C8-4BFA-A770-C350216BF161}.Debug|Mixed Platforms.ActiveCfg = Debug|Any CPU
		{D011A778-59C8-4BFA-A770-C350216BF161}.Debug|Mixed Platforms.Build.0 = Debug|Any CPU
		{D011A778-59C8-4BFA-A770-C350216BF161}.Debug|x86.ActiveCfg = Debug|Any CPU
		{D011A778-59C8-4BFA-A770-C350216BF161}.Release|Any CPU.ActiveCfg = Release|Any CPU
		{D011A778-59C8-4BFA-A770-C350216BF161}.Release|Any CPU.Build.0 = Release|Any CPU
		{D011A778-59C8-4BFA-A770-C350216BF161}.Release|Mixed Platforms.ActiveCfg = Release|Any CPU
		{D011A778-59C8-4BFA-A770-C350216BF161}.Release|Mixed Platforms.Build.0 = Release|Any CPU
		{D011A778-59C8-4BFA-A770-C350216BF161}.Release|x86.ActiveCfg = Release|Any CPU
	EndGlobalSection
	GlobalSection(NestedProjects) = preSolution
	EndGlobalSection
	GlobalSection(MonoDevelopProperties) = preSolution
		StartupItem = ImageProcessor\ImageProcessor.csproj
	EndGlobalSection
	GlobalSection(SolutionProperties) = preSolution
		HideSolutionNode = FALSE
	EndGlobalSection
	GlobalSection(TestCaseManagementSettings) = postSolution
		CategoryFile = ImageProcessor.vsmdi
	EndGlobalSection
EndGlobal
